
Microsoft Visual Studio Solution File, Format Version 12.00
# Visual Studio 15
VisualStudioVersion = 15.0.28307.1209
MinimumVisualStudioVersion = 10.0.40219.1
Project("{888888A0-9F3D-457C-B088-3A5042F75D52}") = "imgs", "imgs\imgs.pyproj", "{29A2E545-4A22-46F8-86AE-0166DCF1373E}"
EndProject
Global
	GlobalSection(SolutionConfigurationPlatforms) = preSolution
		Debug|Any CPU = Debug|Any CPU
		Release|Any CPU = Release|Any CPU
	EndGlobalSection
	GlobalSection(ProjectConfigurationPlatforms) = postSolution
		{29A2E545-4A22-46F8-86AE-0166DCF1373E}.Debug|Any CPU.ActiveCfg = Debug|Any CPU
		{29A2E545-4A22-46F8-86AE-0166DCF1373E}.Release|Any CPU.ActiveCfg = Release|Any CPU
	EndGlobalSection
	GlobalSection(SolutionProperties) = preSolution
		HideSolutionNode = FALSE
	EndGlobalSection
	GlobalSection(ExtensibilityGlobals) = postSolution
		SolutionGuid = {8949F673-08FE-4214-B57D-F52B857CBF7B}
	EndGlobalSection
EndGlobal
